github.com/ppabcd/go-say-hello v1.0.0 h1:PFeaJW9RdWXszvsjDuOuIqSELTtl5zUEDA3++yh6sbE=
github.com/ppabcd/go-say-hello v1.0.0/go.mod h1:vqhVPEta3iZ2sXIaZaijkSpLd/ATaUEjBoMlgySvJuE=
github.com/ppabcd/go-say-hello v1.1.0 h1:Y1gyecVS+gCFnbNJLKI2fsPzXttUKBOEEvwXWGTYZKM=
github.com/ppabcd/go-say-hello v1.1.0/go.mod h1:vqhVPEta3iZ2sXIaZaijkSpLd/ATaUEjBoMlgySvJuE=
github.com/ppabcd/go-say-hello/v2 v2.0.0 h1:TPANbSFtOxsyhNaQK1ykzjxaEuZq9Qp5jXh04nziQMc=
github.com/ppabcd/go-say-hello/v2 v2.0.0/go.mod h1:CjcM9iQapbkSTJGDg4YFMuPT2Qs1nKKred1g8V+rf7o=
